
Microsoft Visual Studio Solution File, Format Version 12.00
# Visual Studio Version 17
VisualStudioVersion = 17.5.33516.290
MinimumVisualStudioVersion = 10.0.40219.1
Project("{FAE04EC0-301F-11D3-BF4B-00C04F79EFBC}") = "POOFibosacciApp", "POOFibosacciApp\POOFibosacciApp.csproj", "{4BFB20DB-DA80-404F-A27A-CA519E588F39}"
EndProject
Project("{FAE04EC0-301F-11D3-BF4B-00C04F79EFBC}") = "PooFibonacci.Entidades", "PooFibonacci.Entidades\PooFibonacci.Entidades.csproj", "{1B71CC96-324C-4C1F-9FD8-8CB17585C89F}"
EndProject
Global
	GlobalSection(SolutionConfigurationPlatforms) = preSolution
		Debug|Any CPU = Debug|Any CPU
		Release|Any CPU = Release|Any CPU
	EndGlobalSection
	GlobalSection(ProjectConfigurationPlatforms) = postSolution
		{4BFB20DB-DA80-404F-A27A-CA519E588F39}.Debug|Any CPU.ActiveCfg = Debug|Any CPU
		{4BFB20DB-DA80-404F-A27A-CA519E588F39}.Debug|Any CPU.Build.0 = Debug|Any CPU
		{4BFB20DB-DA80-404F-A27A-CA519E588F39}.Release|Any CPU.ActiveCfg = Release|Any CPU
		{4BFB20DB-DA80-404F-A27A-CA519E588F39}.Release|Any CPU.Build.0 = Release|Any CPU
		{1B71CC96-324C-4C1F-9FD8-8CB17585C89F}.Debug|Any CPU.ActiveCfg = Debug|Any CPU
		{1B71CC96-324C-4C1F-9FD8-8CB17585C89F}.Debug|Any CPU.Build.0 = Debug|Any CPU
		{1B71CC96-324C-4C1F-9FD8-8CB17585C89F}.Release|Any CPU.ActiveCfg = Release|Any CPU
		{1B71CC96-324C-4C1F-9FD8-8CB17585C89F}.Release|Any CPU.Build.0 = Release|Any CPU
	EndGlobalSection
	GlobalSection(SolutionProperties) = preSolution
		HideSolutionNode = FALSE
	EndGlobalSection
	GlobalSection(ExtensibilityGlobals) = postSolution
		SolutionGuid = {5DEF5414-B44B-4A3B-864A-4B3946EE00E0}
	EndGlobalSection
EndGlobal
